
Microsoft Visual Studio Solution File, Format Version 12.00
# Visual Studio Version 16
VisualStudioVersion = 16.0.30406.217
MinimumVisualStudioVersion = 10.0.40219.1
Project("{FAE04EC0-301F-11D3-BF4B-00C04F79EFBC}") = "ClaimsApi", "ClaimsApi.csproj", "{58C25D9B-26AF-4C57-84B8-520CEE883A01}"
EndProject
Global
	GlobalSection(SolutionConfigurationPlatforms) = preSolution
		Debug|Any CPU = Debug|Any CPU
		Release|Any CPU = Release|Any CPU
	EndGlobalSection
	GlobalSection(ProjectConfigurationPlatforms) = postSolution
		{58C25D9B-26AF-4C57-84B8-520CEE883A01}.Debug|Any CPU.ActiveCfg = Debug|Any CPU
		{58C25D9B-26AF-4C57-84B8-520CEE883A01}.Debug|Any CPU.Build.0 = Debug|Any CPU
		{58C25D9B-26AF-4C57-84B8-520CEE883A01}.Release|Any CPU.ActiveCfg = Release|Any CPU
		{58C25D9B-26AF-4C57-84B8-520CEE883A01}.Release|Any CPU.Build.0 = Release|Any CPU
	EndGlobalSection
	GlobalSection(SolutionProperties) = preSolution
		HideSolutionNode = FALSE
	EndGlobalSection
	GlobalSection(ExtensibilityGlobals) = postSolution
		SolutionGuid = {B2BBB7AE-C7BD-4B4C-A46E-E778586B8BFA}
	EndGlobalSection
EndGlobal
